
Microsoft Visual Studio Solution File, Format Version 12.00
# Visual Studio 15
Project("{FAE04EC0-301F-11D3-BF4B-00C04F79EFBC}") = "UnityEngine.TestRunner", "UnityEngine.TestRunner.csproj", "{88F4257E-2ED3-C054-3043-C50CDA68E34C}"
EndProject
Project("{FAE04EC0-301F-11D3-BF4B-00C04F79EFBC}") = "UnityEngine.UI", "UnityEngine.UI.csproj", "{7CCA5C7C-10ED-83DB-49C6-2D3D864DDCFD}"
EndProject
Project("{FAE04EC0-301F-11D3-BF4B-00C04F79EFBC}") = "Unity.Mathematics", "Unity.Mathematics.csproj", "{A7658A6E-3418-01C5-2F69-036DDB662761}"
EndProject
Project("{FAE04EC0-301F-11D3-BF4B-00C04F79EFBC}") = "Unity.VisualScripting.State", "Unity.VisualScripting.State.csproj", "{6D0F53F5-2C80-769A-CDC5-BFA51ED39F70}"
EndProject
Project("{FAE04EC0-301F-11D3-BF4B-00C04F79EFBC}") = "Unity.VisualScripting.Core", "Unity.VisualScripting.Core.csproj", "{5790CB8D-1396-1F0C-C14B-1969F1477747}"
EndProject
Project("{FAE04EC0-301F-11D3-BF4B-00C04F79EFBC}") = "Assembly-CSharp", "Assembly-CSharp.csproj", "{687341A8-DC9D-5A2D-73CD-02D7503BF5FB}"
EndProject
Project("{FAE04EC0-301F-11D3-BF4B-00C04F79EFBC}") = "Unity.VisualScripting.Flow", "Unity.VisualScripting.Flow.csproj", "{0362743E-6E42-A3D6-E43E-44DE541F5FAE}"
EndProject
Project("{FAE04EC0-301F-11D3-BF4B-00C04F79EFBC}") = "Unity.Animation.Rigging", "Unity.Animation.Rigging.csproj", "{C167E2B9-1F8B-AF1A-0C59-36F8067986F4}"
EndProject
Project("{FAE04EC0-301F-11D3-BF4B-00C04F79EFBC}") = "Unity.Burst", "Unity.Burst.csproj", "{62DE0C2F-8A31-23B9-FDEB-AD6D1E0276A1}"
EndProject
Project("{FAE04EC0-301F-11D3-BF4B-00C04F79EFBC}") = "Unity.TextMeshPro", "Unity.TextMeshPro.csproj", "{20BE5E99-2F8E-2B9C-963E-06424AA82067}"
EndProject
Project("{FAE04EC0-301F-11D3-BF4B-00C04F79EFBC}") = "Unity.ProBuilder.Poly2Tri", "Unity.ProBuilder.Poly2Tri.csproj", "{51A925EF-922D-5C2F-A8A1-9FA891E0325D}"
EndProject
Project("{FAE04EC0-301F-11D3-BF4B-00C04F79EFBC}") = "Unity.Timeline", "Unity.Timeline.csproj", "{9966A00E-7409-DD10-DE70-DF7167280A42}"
EndProject
Project("{FAE04EC0-301F-11D3-BF4B-00C04F79EFBC}") = "Unity.ProBuilder", "Unity.ProBuilder.csproj", "{32856DF3-44ED-ADD7-A6CD-A027A5AA42E6}"
EndProject
Project("{FAE04EC0-301F-11D3-BF4B-00C04F79EFBC}") = "Unity.ProGrids", "Unity.ProGrids.csproj", "{D532DE7C-746E-E3FC-2C4D-A2E6B1336553}"
EndProject
Project("{FAE04EC0-301F-11D3-BF4B-00C04F79EFBC}") = "Unity.ProBuilder.Csg", "Unity.ProBuilder.Csg.csproj", "{6624BDBE-DB61-FC51-8D4F-A1E45548CAA0}"
EndProject
Project("{FAE04EC0-301F-11D3-BF4B-00C04F79EFBC}") = "Unity.ProBuilder.KdTree", "Unity.ProBuilder.KdTree.csproj", "{0F1A8869-701E-3342-4868-0487A2699653}"
EndProject
Project("{FAE04EC0-301F-11D3-BF4B-00C04F79EFBC}") = "Unity.ProBuilder.Stl", "Unity.ProBuilder.Stl.csproj", "{D0A545C6-F664-678B-D746-B527047260AF}"
EndProject
Project("{FAE04EC0-301F-11D3-BF4B-00C04F79EFBC}") = "Unity.PlasticSCM.Editor", "Unity.PlasticSCM.Editor.csproj", "{72F1B514-0708-34E5-D9BB-98064FED3B40}"
EndProject
Project("{FAE04EC0-301F-11D3-BF4B-00C04F79EFBC}") = "Unity.VisualScripting.Core.Editor", "Unity.VisualScripting.Core.Editor.csproj", "{5B2875C7-C464-A6C6-54D7-B27204F5DC5A}"
EndProject
Project("{FAE04EC0-301F-11D3-BF4B-00C04F79EFBC}") = "Unity.VisualStudio.Editor", "Unity.VisualStudio.Editor.csproj", "{659DAAF5-F7E4-7DF6-0307-1B24041639AE}"
EndProject
Project("{FAE04EC0-301F-11D3-BF4B-00C04F79EFBC}") = "Unity.ProBuilder.Editor", "Unity.ProBuilder.Editor.csproj", "{3CD8F054-E1E1-1AF3-A1A4-24C8133922EF}"
EndProject
Project("{FAE04EC0-301F-11D3-BF4B-00C04F79EFBC}") = "Unity.Timeline.Editor", "Unity.Timeline.Editor.csproj", "{175B274D-D637-A05D-C294-4EC3DCDA6B48}"
EndProject
Project("{FAE04EC0-301F-11D3-BF4B-00C04F79EFBC}") = "Unity.VisualScripting.State.Editor", "Unity.VisualScripting.State.Editor.csproj", "{F769538C-B69F-FFF0-B8E1-E9982496E1EF}"
EndProject
Project("{FAE04EC0-301F-11D3-BF4B-00C04F79EFBC}") = "Unity.TextMeshPro.Editor", "Unity.TextMeshPro.Editor.csproj", "{D882E641-9F6D-2DB3-C695-D1B8FF756964}"
EndProject
Project("{FAE04EC0-301F-11D3-BF4B-00C04F79EFBC}") = "VSSettingsProvider", "VSSettingsProvider.csproj", "{9CF9C498-6F0C-210A-E60D-CD751E513A1F}"
EndProject
Project("{FAE04EC0-301F-11D3-BF4B-00C04F79EFBC}") = "Unity.CollabProxy.Editor", "Unity.CollabProxy.Editor.csproj", "{3994FB1B-803D-1857-827F-494907E8BD5E}"
EndProject
Project("{FAE04EC0-301F-11D3-BF4B-00C04F79EFBC}") = "UnityEditor.TestRunner", "UnityEditor.TestRunner.csproj", "{6A92FCB7-E40F-70D8-703D-97FF57A08A94}"
EndProject
Project("{FAE04EC0-301F-11D3-BF4B-00C04F79EFBC}") = "Unity.VisualScripting.Flow.Editor", "Unity.VisualScripting.Flow.Editor.csproj", "{E8693201-4259-C404-095E-2AE4E29F5BD8}"
EndProject
Project("{FAE04EC0-301F-11D3-BF4B-00C04F79EFBC}") = "Unity.Rider.Editor", "Unity.Rider.Editor.csproj", "{B4BEBF51-7BA4-3423-DA9C-0D3CC4550202}"
EndProject
Project("{FAE04EC0-301F-11D3-BF4B-00C04F79EFBC}") = "Unity.Animation.Rigging.Editor", "Unity.Animation.Rigging.Editor.csproj", "{71505ABD-6781-67C0-B5B2-6230B591F9FC}"
EndProject
Project("{FAE04EC0-301F-11D3-BF4B-00C04F79EFBC}") = "Unity.ProGrids.Editor", "Unity.ProGrids.Editor.csproj", "{273985C5-7226-15F6-EDC3-C94072FA8AC0}"
EndProject
Project("{FAE04EC0-301F-11D3-BF4B-00C04F79EFBC}") = "Unity.Burst.Editor", "Unity.Burst.Editor.csproj", "{DC074FB6-B181-341A-C0EE-AA2392C20004}"
EndProject
Project("{FAE04EC0-301F-11D3-BF4B-00C04F79EFBC}") = "Unity.Burst.CodeGen", "Unity.Burst.CodeGen.csproj", "{68E549A4-F94E-9851-DAD2-E3127473D94A}"
EndProject
Project("{FAE04EC0-301F-11D3-BF4B-00C04F79EFBC}") = "Unity.VSCode.Editor", "Unity.VSCode.Editor.csproj", "{7F40581A-C5D7-79E7-7F07-3257CDECE122}"
EndProject
Project("{FAE04EC0-301F-11D3-BF4B-00C04F79EFBC}") = "Unity.ProBuilder.AssetIdRemapUtility", "Unity.ProBuilder.AssetIdRemapUtility.csproj", "{9ACD1663-2379-B6E4-CCDE-149A0ADE4CE7}"
EndProject
Project("{FAE04EC0-301F-11D3-BF4B-00C04F79EFBC}") = "UnityEditor.UI", "UnityEditor.UI.csproj", "{5591DCC3-0603-994E-0DAC-5996718B94CD}"
EndProject
Project("{FAE04EC0-301F-11D3-BF4B-00C04F79EFBC}") = "Unity.Settings.Editor", "Unity.Settings.Editor.csproj", "{88DB88A6-BE52-B790-44C1-C0AEBE28C89E}"
EndProject
Project("{FAE04EC0-301F-11D3-BF4B-00C04F79EFBC}") = "Unity.Mathematics.Editor", "Unity.Mathematics.Editor.csproj", "{151DE046-C660-118F-18F6-67783E6AE21E}"
EndProject
Project("{FAE04EC0-301F-11D3-BF4B-00C04F79EFBC}") = "Assembly-CSharp-Editor", "Assembly-CSharp-Editor.csproj", "{9D9767BA-E8B7-9769-834D-EE930E703B69}"
EndProject
Project("{FAE04EC0-301F-11D3-BF4B-00C04F79EFBC}") = "Unity.ProBuilder.AddOns.Editor", "Unity.ProBuilder.AddOns.Editor.csproj", "{D90E347F-939B-4343-1E82-E47E23896A5D}"
EndProject
Global
	GlobalSection(SolutionConfigurationPlatforms) = preSolution
		Debug|Any CPU = Debug|Any CPU
		Release|Any CPU = Release|Any CPU
	EndGlobalSection
	GlobalSection(ProjectConfigurationPlatforms) = postSolution
		{88F4257E-2ED3-C054-3043-C50CDA68E34C}.Debug|Any CPU.ActiveCfg = Debug|Any CPU
		{88F4257E-2ED3-C054-3043-C50CDA68E34C}.Debug|Any CPU.Build.0 = Debug|Any CPU
		{88F4257E-2ED3-C054-3043-C50CDA68E34C}.Release|Any CPU.ActiveCfg = Release|Any CPU
		{88F4257E-2ED3-C054-3043-C50CDA68E34C}.Release|Any CPU.Build.0 = Release|Any CPU
		{7CCA5C7C-10ED-83DB-49C6-2D3D864DDCFD}.Debug|Any CPU.ActiveCfg = Debug|Any CPU
		{7CCA5C7C-10ED-83DB-49C6-2D3D864DDCFD}.Debug|Any CPU.Build.0 = Debug|Any CPU
		{7CCA5C7C-10ED-83DB-49C6-2D3D864DDCFD}.Release|Any CPU.ActiveCfg = Release|Any CPU
		{7CCA5C7C-10ED-83DB-49C6-2D3D864DDCFD}.Release|Any CPU.Build.0 = Release|Any CPU
		{A7658A6E-3418-01C5-2F69-036DDB662761}.Debug|Any CPU.ActiveCfg = Debug|Any CPU
		{A7658A6E-3418-01C5-2F69-036DDB662761}.Debug|Any CPU.Build.0 = Debug|Any CPU
		{A7658A6E-3418-01C5-2F69-036DDB662761}.Release|Any CPU.ActiveCfg = Release|Any CPU
		{A7658A6E-3418-01C5-2F69-036DDB662761}.Release|Any CPU.Build.0 = Release|Any CPU
		{6D0F53F5-2C80-769A-CDC5-BFA51ED39F70}.Debug|Any CPU.ActiveCfg = Debug|Any CPU
		{6D0F53F5-2C80-769A-CDC5-BFA51ED39F70}.Debug|Any CPU.Build.0 = Debug|Any CPU
		{6D0F53F5-2C80-769A-CDC5-BFA51ED39F70}.Release|Any CPU.ActiveCfg = Release|Any CPU
		{6D0F53F5-2C80-769A-CDC5-BFA51ED39F70}.Release|Any CPU.Build.0 = Release|Any CPU
		{5790CB8D-1396-1F0C-C14B-1969F1477747}.Debug|Any CPU.ActiveCfg = Debug|Any CPU
		{5790CB8D-1396-1F0C-C14B-1969F1477747}.Debug|Any CPU.Build.0 = Debug|Any CPU
		{5790CB8D-1396-1F0C-C14B-1969F1477747}.Release|Any CPU.ActiveCfg = Release|Any CPU
		{5790CB8D-1396-1F0C-C14B-1969F1477747}.Release|Any CPU.Build.0 = Release|Any CPU
		{687341A8-DC9D-5A2D-73CD-02D7503BF5FB}.Debug|Any CPU.ActiveCfg = Debug|Any CPU
		{687341A8-DC9D-5A2D-73CD-02D7503BF5FB}.Debug|Any CPU.Build.0 = Debug|Any CPU
		{687341A8-DC9D-5A2D-73CD-02D7503BF5FB}.Release|Any CPU.ActiveCfg = Release|Any CPU
		{687341A8-DC9D-5A2D-73CD-02D7503BF5FB}.Release|Any CPU.Build.0 = Release|Any CPU
		{0362743E-6E42-A3D6-E43E-44DE541F5FAE}.Debug|Any CPU.ActiveCfg = Debug|Any CPU
		{0362743E-6E42-A3D6-E43E-44DE541F5FAE}.Debug|Any CPU.Build.0 = Debug|Any CPU
		{0362743E-6E42-A3D6-E43E-44DE541F5FAE}.Release|Any CPU.ActiveCfg = Release|Any CPU
		{0362743E-6E42-A3D6-E43E-44DE541F5FAE}.Release|Any CPU.Build.0 = Release|Any CPU
		{C167E2B9-1F8B-AF1A-0C59-36F8067986F4}.Debug|Any CPU.ActiveCfg = Debug|Any CPU
		{C167E2B9-1F8B-AF1A-0C59-36F8067986F4}.Debug|Any CPU.Build.0 = Debug|Any CPU
		{C167E2B9-1F8B-AF1A-0C59-36F8067986F4}.Release|Any CPU.ActiveCfg = Release|Any CPU
		{C167E2B9-1F8B-AF1A-0C59-36F8067986F4}.Release|Any CPU.Build.0 = Release|Any CPU
		{62DE0C2F-8A31-23B9-FDEB-AD6D1E0276A1}.Debug|Any CPU.ActiveCfg = Debug|Any CPU
		{62DE0C2F-8A31-23B9-FDEB-AD6D1E0276A1}.Debug|Any CPU.Build.0 = Debug|Any CPU
		{62DE0C2F-8A31-23B9-FDEB-AD6D1E0276A1}.Release|Any CPU.ActiveCfg = Release|Any CPU
		{62DE0C2F-8A31-23B9-FDEB-AD6D1E0276A1}.Release|Any CPU.Build.0 = Release|Any CPU
		{20BE5E99-2F8E-2B9C-963E-06424AA82067}.Debug|Any CPU.ActiveCfg = Debug|Any CPU
		{20BE5E99-2F8E-2B9C-963E-06424AA82067}.Debug|Any CPU.Build.0 = Debug|Any CPU
		{20BE5E99-2F8E-2B9C-963E-06424AA82067}.Release|Any CPU.ActiveCfg = Release|Any CPU
		{20BE5E99-2F8E-2B9C-963E-06424AA82067}.Release|Any CPU.Build.0 = Release|Any CPU
		{51A925EF-922D-5C2F-A8A1-9FA891E0325D}.Debug|Any CPU.ActiveCfg = Debug|Any CPU
		{51A925EF-922D-5C2F-A8A1-9FA891E0325D}.Debug|Any CPU.Build.0 = Debug|Any CPU
		{51A925EF-922D-5C2F-A8A1-9FA891E0325D}.Release|Any CPU.ActiveCfg = Release|Any CPU
		{51A925EF-922D-5C2F-A8A1-9FA891E0325D}.Release|Any CPU.Build.0 = Release|Any CPU
		{9966A00E-7409-DD10-DE70-DF7167280A42}.Debug|Any CPU.ActiveCfg = Debug|Any CPU
		{9966A00E-7409-DD10-DE70-DF7167280A42}.Debug|Any CPU.Build.0 = Debug|Any CPU
		{9966A00E-7409-DD10-DE70-DF7167280A42}.Release|Any CPU.ActiveCfg = Release|Any CPU
		{9966A00E-7409-DD10-DE70-DF7167280A42}.Release|Any CPU.Build.0 = Release|Any CPU
		{32856DF3-44ED-ADD7-A6CD-A027A5AA42E6}.Debug|Any CPU.ActiveCfg = Debug|Any CPU
		{32856DF3-44ED-ADD7-A6CD-A027A5AA42E6}.Debug|Any CPU.Build.0 = Debug|Any CPU
		{32856DF3-44ED-ADD7-A6CD-A027A5AA42E6}.Release|Any CPU.ActiveCfg = Release|Any CPU
		{32856DF3-44ED-ADD7-A6CD-A027A5AA42E6}.Release|Any CPU.Build.0 = Release|Any CPU
		{D532DE7C-746E-E3FC-2C4D-A2E6B1336553}.Debug|Any CPU.ActiveCfg = Debug|Any CPU
		{D532DE7C-746E-E3FC-2C4D-A2E6B1336553}.Debug|Any CPU.Build.0 = Debug|Any CPU
		{D532DE7C-746E-E3FC-2C4D-A2E6B1336553}.Release|Any CPU.ActiveCfg = Release|Any CPU
		{D532DE7C-746E-E3FC-2C4D-A2E6B1336553}.Release|Any CPU.Build.0 = Release|Any CPU
		{6624BDBE-DB61-FC51-8D4F-A1E45548CAA0}.Debug|Any CPU.ActiveCfg = Debug|Any CPU
		{6624BDBE-DB61-FC51-8D4F-A1E45548CAA0}.Debug|Any CPU.Build.0 = Debug|Any CPU
		{6624BDBE-DB61-FC51-8D4F-A1E45548CAA0}.Release|Any CPU.ActiveCfg = Release|Any CPU
		{6624BDBE-DB61-FC51-8D4F-A1E45548CAA0}.Release|Any CPU.Build.0 = Release|Any CPU
		{0F1A8869-701E-3342-4868-0487A2699653}.Debug|Any CPU.ActiveCfg = Debug|Any CPU
		{0F1A8869-701E-3342-4868-0487A2699653}.Debug|Any CPU.Build.0 = Debug|Any CPU
		{0F1A8869-701E-3342-4868-0487A2699653}.Release|Any CPU.ActiveCfg = Release|Any CPU
		{0F1A8869-701E-3342-4868-0487A2699653}.Release|Any CPU.Build.0 = Release|Any CPU
		{D0A545C6-F664-678B-D746-B527047260AF}.Debug|Any CPU.ActiveCfg = Debug|Any CPU
		{D0A545C6-F664-678B-D746-B527047260AF}.Debug|Any CPU.Build.0 = Debug|Any CPU
		{D0A545C6-F664-678B-D746-B527047260AF}.Release|Any CPU.ActiveCfg = Release|Any CPU
		{D0A545C6-F664-678B-D746-B527047260AF}.Release|Any CPU.Build.0 = Release|Any CPU
		{72F1B514-0708-34E5-D9BB-98064FED3B40}.Debug|Any CPU.ActiveCfg = Debug|Any CPU
		{72F1B514-0708-34E5-D9BB-98064FED3B40}.Debug|Any CPU.Build.0 = Debug|Any CPU
		{72F1B514-0708-34E5-D9BB-98064FED3B40}.Release|Any CPU.ActiveCfg = Release|Any CPU
		{72F1B514-0708-34E5-D9BB-98064FED3B40}.Release|Any CPU.Build.0 = Release|Any CPU
		{5B2875C7-C464-A6C6-54D7-B27204F5DC5A}.Debug|Any CPU.ActiveCfg = Debug|Any CPU
		{5B2875C7-C464-A6C6-54D7-B27204F5DC5A}.Debug|Any CPU.Build.0 = Debug|Any CPU
		{5B2875C7-C464-A6C6-54D7-B27204F5DC5A}.Release|Any CPU.ActiveCfg = Release|Any CPU
		{5B2875C7-C464-A6C6-54D7-B27204F5DC5A}.Release|Any CPU.Build.0 = Release|Any CPU
		{659DAAF5-F7E4-7DF6-0307-1B24041639AE}.Debug|Any CPU.ActiveCfg = Debug|Any CPU
		{659DAAF5-F7E4-7DF6-0307-1B24041639AE}.Debug|Any CPU.Build.0 = Debug|Any CPU
		{659DAAF5-F7E4-7DF6-0307-1B24041639AE}.Release|Any CPU.ActiveCfg = Release|Any CPU
		{659DAAF5-F7E4-7DF6-0307-1B24041639AE}.Release|Any CPU.Build.0 = Release|Any CPU
		{3CD8F054-E1E1-1AF3-A1A4-24C8133922EF}.Debug|Any CPU.ActiveCfg = Debug|Any CPU
		{3CD8F054-E1E1-1AF3-A1A4-24C8133922EF}.Debug|Any CPU.Build.0 = Debug|Any CPU
		{3CD8F054-E1E1-1AF3-A1A4-24C8133922EF}.Release|Any CPU.ActiveCfg = Release|Any CPU
		{3CD8F054-E1E1-1AF3-A1A4-24C8133922EF}.Release|Any CPU.Build.0 = Release|Any CPU
		{175B274D-D637-A05D-C294-4EC3DCDA6B48}.Debug|Any CPU.ActiveCfg = Debug|Any CPU
		{175B274D-D637-A05D-C294-4EC3DCDA6B48}.Debug|Any CPU.Build.0 = Debug|Any CPU
		{175B274D-D637-A05D-C294-4EC3DCDA6B48}.Release|Any CPU.ActiveCfg = Release|Any CPU
		{175B274D-D637-A05D-C294-4EC3DCDA6B48}.Release|Any CPU.Build.0 = Release|Any CPU
		{F769538C-B69F-FFF0-B8E1-E9982496E1EF}.Debug|Any CPU.ActiveCfg = Debug|Any CPU
		{F769538C-B69F-FFF0-B8E1-E9982496E1EF}.Debug|Any CPU.Build.0 = Debug|Any CPU
		{F769538C-B69F-FFF0-B8E1-E9982496E1EF}.Release|Any CPU.ActiveCfg = Release|Any CPU
		{F769538C-B69F-FFF0-B8E1-E9982496E1EF}.Release|Any CPU.Build.0 = Release|Any CPU
		{D882E641-9F6D-2DB3-C695-D1B8FF756964}.Debug|Any CPU.ActiveCfg = Debug|Any CPU
		{D882E641-9F6D-2DB3-C695-D1B8FF756964}.Debug|Any CPU.Build.0 = Debug|Any CPU
		{D882E641-9F6D-2DB3-C695-D1B8FF756964}.Release|Any CPU.ActiveCfg = Release|Any CPU
		{D882E641-9F6D-2DB3-C695-D1B8FF756964}.Release|Any CPU.Build.0 = Release|Any CPU
		{9CF9C498-6F0C-210A-E60D-CD751E513A1F}.Debug|Any CPU.ActiveCfg = Debug|Any CPU
		{9CF9C498-6F0C-210A-E60D-CD751E513A1F}.Debug|Any CPU.Build.0 = Debug|Any CPU
		{9CF9C498-6F0C-210A-E60D-CD751E513A1F}.Release|Any CPU.ActiveCfg = Release|Any CPU
		{9CF9C498-6F0C-210A-E60D-CD751E513A1F}.Release|Any CPU.Build.0 = Release|Any CPU
		{3994FB1B-803D-1857-827F-494907E8BD5E}.Debug|Any CPU.ActiveCfg = Debug|Any CPU
		{3994FB1B-803D-1857-827F-494907E8BD5E}.Debug|Any CPU.Build.0 = Debug|Any CPU
		{3994FB1B-803D-1857-827F-494907E8BD5E}.Release|Any CPU.ActiveCfg = Release|Any CPU
		{3994FB1B-803D-1857-827F-494907E8BD5E}.Release|Any CPU.Build.0 = Release|Any CPU
		{6A92FCB7-E40F-70D8-703D-97FF57A08A94}.Debug|Any CPU.ActiveCfg = Debug|Any CPU
		{6A92FCB7-E40F-70D8-703D-97FF57A08A94}.Debug|Any CPU.Build.0 = Debug|Any CPU
		{6A92FCB7-E40F-70D8-703D-97FF57A08A94}.Release|Any CPU.ActiveCfg = Release|Any CPU
		{6A92FCB7-E40F-70D8-703D-97FF57A08A94}.Release|Any CPU.Build.0 = Release|Any CPU
		{E8693201-4259-C404-095E-2AE4E29F5BD8}.Debug|Any CPU.ActiveCfg = Debug|Any CPU
		{E8693201-4259-C404-095E-2AE4E29F5BD8}.Debug|Any CPU.Build.0 = Debug|Any CPU
		{E8693201-4259-C404-095E-2AE4E29F5BD8}.Release|Any CPU.ActiveCfg = Release|Any CPU
		{E8693201-4259-C404-095E-2AE4E29F5BD8}.Release|Any CPU.Build.0 = Release|Any CPU
		{B4BEBF51-7BA4-3423-DA9C-0D3CC4550202}.Debug|Any CPU.ActiveCfg = Debug|Any CPU
		{B4BEBF51-7BA4-3423-DA9C-0D3CC4550202}.Debug|Any CPU.Build.0 = Debug|Any CPU
		{B4BEBF51-7BA4-3423-DA9C-0D3CC4550202}.Release|Any CPU.ActiveCfg = Release|Any CPU
		{B4BEBF51-7BA4-3423-DA9C-0D3CC4550202}.Release|Any CPU.Build.0 = Release|Any CPU
		{71505ABD-6781-67C0-B5B2-6230B591F9FC}.Debug|Any CPU.ActiveCfg = Debug|Any CPU
		{71505ABD-6781-67C0-B5B2-6230B591F9FC}.Debug|Any CPU.Build.0 = Debug|Any CPU
		{71505ABD-6781-67C0-B5B2-6230B591F9FC}.Release|Any CPU.ActiveCfg = Release|Any CPU
		{71505ABD-6781-67C0-B5B2-6230B591F9FC}.Release|Any CPU.Build.0 = Release|Any CPU
		{273985C5-7226-15F6-EDC3-C94072FA8AC0}.Debug|Any CPU.ActiveCfg = Debug|Any CPU
		{273985C5-7226-15F6-EDC3-C94072FA8AC0}.Debug|Any CPU.Build.0 = Debug|Any CPU
		{273985C5-7226-15F6-EDC3-C94072FA8AC0}.Release|Any CPU.ActiveCfg = Release|Any CPU
		{273985C5-7226-15F6-EDC3-C94072FA8AC0}.Release|Any CPU.Build.0 = Release|Any CPU
		{DC074FB6-B181-341A-C0EE-AA2392C20004}.Debug|Any CPU.ActiveCfg = Debug|Any CPU
		{DC074FB6-B181-341A-C0EE-AA2392C20004}.Debug|Any CPU.Build.0 = Debug|Any CPU
		{DC074FB6-B181-341A-C0EE-AA2392C20004}.Release|Any CPU.ActiveCfg = Release|Any CPU
		{DC074FB6-B181-341A-C0EE-AA2392C20004}.Release|Any CPU.Build.0 = Release|Any CPU
		{68E549A4-F94E-9851-DAD2-E3127473D94A}.Debug|Any CPU.ActiveCfg = Debug|Any CPU
		{68E549A4-F94E-9851-DAD2-E3127473D94A}.Debug|Any CPU.Build.0 = Debug|Any CPU
		{68E549A4-F94E-9851-DAD2-E3127473D94A}.Release|Any CPU.ActiveCfg = Release|Any CPU
		{68E549A4-F94E-9851-DAD2-E3127473D94A}.Release|Any CPU.Build.0 = Release|Any CPU
		{7F40581A-C5D7-79E7-7F07-3257CDECE122}.Debug|Any CPU.ActiveCfg = Debug|Any CPU
		{7F40581A-C5D7-79E7-7F07-3257CDECE122}.Debug|Any CPU.Build.0 = Debug|Any CPU
		{7F40581A-C5D7-79E7-7F07-3257CDECE122}.Release|Any CPU.ActiveCfg = Release|Any CPU
		{7F40581A-C5D7-79E7-7F07-3257CDECE122}.Release|Any CPU.Build.0 = Release|Any CPU
		{9ACD1663-2379-B6E4-CCDE-149A0ADE4CE7}.Debug|Any CPU.ActiveCfg = Debug|Any CPU
		{9ACD1663-2379-B6E4-CCDE-149A0ADE4CE7}.Debug|Any CPU.Build.0 = Debug|Any CPU
		{9ACD1663-2379-B6E4-CCDE-149A0ADE4CE7}.Release|Any CPU.ActiveCfg = Release|Any CPU
		{9ACD1663-2379-B6E4-CCDE-149A0ADE4CE7}.Release|Any CPU.Build.0 = Release|Any CPU
		{5591DCC3-0603-994E-0DAC-5996718B94CD}.Debug|Any CPU.ActiveCfg = Debug|Any CPU
		{5591DCC3-0603-994E-0DAC-5996718B94CD}.Debug|Any CPU.Build.0 = Debug|Any CPU
		{5591DCC3-0603-994E-0DAC-5996718B94CD}.Release|Any CPU.ActiveCfg = Release|Any CPU
		{5591DCC3-0603-994E-0DAC-5996718B94CD}.Release|Any CPU.Build.0 = Release|Any CPU
		{88DB88A6-BE52-B790-44C1-C0AEBE28C89E}.Debug|Any CPU.ActiveCfg = Debug|Any CPU
		{88DB88A6-BE52-B790-44C1-C0AEBE28C89E}.Debug|Any CPU.Build.0 = Debug|Any CPU
		{88DB88A6-BE52-B790-44C1-C0AEBE28C89E}.Release|Any CPU.ActiveCfg = Release|Any CPU
		{88DB88A6-BE52-B790-44C1-C0AEBE28C89E}.Release|Any CPU.Build.0 = Release|Any CPU
		{151DE046-C660-118F-18F6-67783E6AE21E}.Debug|Any CPU.ActiveCfg = Debug|Any CPU
		{151DE046-C660-118F-18F6-67783E6AE21E}.Debug|Any CPU.Build.0 = Debug|Any CPU
		{151DE046-C660-118F-18F6-67783E6AE21E}.Release|Any CPU.ActiveCfg = Release|Any CPU
		{151DE046-C660-118F-18F6-67783E6AE21E}.Release|Any CPU.Build.0 = Release|Any CPU
		{9D9767BA-E8B7-9769-834D-EE930E703B69}.Debug|Any CPU.ActiveCfg = Debug|Any CPU
		{9D9767BA-E8B7-9769-834D-EE930E703B69}.Debug|Any CPU.Build.0 = Debug|Any CPU
		{9D9767BA-E8B7-9769-834D-EE930E703B69}.Release|Any CPU.ActiveCfg = Release|Any CPU
		{9D9767BA-E8B7-9769-834D-EE930E703B69}.Release|Any CPU.Build.0 = Release|Any CPU
		{D90E347F-939B-4343-1E82-E47E23896A5D}.Debug|Any CPU.ActiveCfg = Debug|Any CPU
		{D90E347F-939B-4343-1E82-E47E23896A5D}.Debug|Any CPU.Build.0 = Debug|Any CPU
		{D90E347F-939B-4343-1E82-E47E23896A5D}.Release|Any CPU.ActiveCfg = Release|Any CPU
		{D90E347F-939B-4343-1E82-E47E23896A5D}.Release|Any CPU.Build.0 = Release|Any CPU
	EndGlobalSection
	GlobalSection(SolutionProperties) = preSolution
		HideSolutionNode = FALSE
	EndGlobalSection
EndGlobal
